
Microsoft Visual Studio Solution File, Format Version 12.00
# Visual Studio Version 17
VisualStudioVersion = 17.2.32526.322
MinimumVisualStudioVersion = 10.0.40219.1
Project("{FAE04EC0-301F-11D3-BF4B-00C04F79EFBC}") = "TrabajoFinal", "TrabajoFinal\TrabajoFinal.csproj", "{9B762170-3247-452D-9403-8E551598EAB2}"
EndProject
Global
	GlobalSection(SolutionConfigurationPlatforms) = preSolution
		Debug|Any CPU = Debug|Any CPU
		Release|Any CPU = Release|Any CPU
	EndGlobalSection
	GlobalSection(ProjectConfigurationPlatforms) = postSolution
		{9B762170-3247-452D-9403-8E551598EAB2}.Debug|Any CPU.ActiveCfg = Debug|Any CPU
		{9B762170-3247-452D-9403-8E551598EAB2}.Debug|Any CPU.Build.0 = Debug|Any CPU
		{9B762170-3247-452D-9403-8E551598EAB2}.Release|Any CPU.ActiveCfg = Release|Any CPU
		{9B762170-3247-452D-9403-8E551598EAB2}.Release|Any CPU.Build.0 = Release|Any CPU
	EndGlobalSection
	GlobalSection(SolutionProperties) = preSolution
		HideSolutionNode = FALSE
	EndGlobalSection
	GlobalSection(ExtensibilityGlobals) = postSolution
		SolutionGuid = {0BF95295-A644-48B5-BE2E-194B1BD03D88}
	EndGlobalSection
EndGlobal
